
Microsoft Visual Studio Solution File, Format Version 12.00
# Visual Studio Version 17
VisualStudioVersion = 17.9.34622.214
MinimumVisualStudioVersion = 10.0.40219.1
Project("{FAE04EC0-301F-11D3-BF4B-00C04F79EFBC}") = "Practice2", "Practice2\Practice2.csproj", "{8FCC1936-025C-46C4-9FD1-ADC1918108BD}"
EndProject
Global
	GlobalSection(SolutionConfigurationPlatforms) = preSolution
		Debug|Any CPU = Debug|Any CPU
		Release|Any CPU = Release|Any CPU
	EndGlobalSection
	GlobalSection(ProjectConfigurationPlatforms) = postSolution
		{8FCC1936-025C-46C4-9FD1-ADC1918108BD}.Debug|Any CPU.ActiveCfg = Debug|Any CPU
		{8FCC1936-025C-46C4-9FD1-ADC1918108BD}.Debug|Any CPU.Build.0 = Debug|Any CPU
		{8FCC1936-025C-46C4-9FD1-ADC1918108BD}.Release|Any CPU.ActiveCfg = Release|Any CPU
		{8FCC1936-025C-46C4-9FD1-ADC1918108BD}.Release|Any CPU.Build.0 = Release|Any CPU
	EndGlobalSection
	GlobalSection(SolutionProperties) = preSolution
		HideSolutionNode = FALSE
	EndGlobalSection
	GlobalSection(ExtensibilityGlobals) = postSolution
		SolutionGuid = {E61D9747-D92D-40D1-8E9A-E7E185CD811E}
	EndGlobalSection
EndGlobal
